
Microsoft Visual Studio Solution File, Format Version 12.00
# Visual Studio Version 16
VisualStudioVersion = 16.0.31321.278
MinimumVisualStudioVersion = 10.0.40219.1
Project("{00D1A9C2-B5F0-4AF3-8072-F6C62B433612}") = "datamart", "datamart.sqlproj", "{C3219370-1554-4927-B594-CF6F064B43EC}"
EndProject
Global
	GlobalSection(SolutionConfigurationPlatforms) = preSolution
		Debug|Any CPU = Debug|Any CPU
		Release|Any CPU = Release|Any CPU
	EndGlobalSection
	GlobalSection(ProjectConfigurationPlatforms) = postSolution
		{C3219370-1554-4927-B594-CF6F064B43EC}.Debug|Any CPU.ActiveCfg = Debug|Any CPU
		{C3219370-1554-4927-B594-CF6F064B43EC}.Debug|Any CPU.Build.0 = Debug|Any CPU
		{C3219370-1554-4927-B594-CF6F064B43EC}.Debug|Any CPU.Deploy.0 = Debug|Any CPU
		{C3219370-1554-4927-B594-CF6F064B43EC}.Release|Any CPU.ActiveCfg = Release|Any CPU
		{C3219370-1554-4927-B594-CF6F064B43EC}.Release|Any CPU.Build.0 = Release|Any CPU
		{C3219370-1554-4927-B594-CF6F064B43EC}.Release|Any CPU.Deploy.0 = Release|Any CPU
	EndGlobalSection
	GlobalSection(SolutionProperties) = preSolution
		HideSolutionNode = FALSE
	EndGlobalSection
	GlobalSection(ExtensibilityGlobals) = postSolution
		SolutionGuid = {15C9C5FD-102C-41CA-AFFE-567AADCF12E8}
	EndGlobalSection
EndGlobal
